
Microsoft Visual Studio Solution File, Format Version 12.00
# Visual Studio 15
VisualStudioVersion = 15.0.26228.9
MinimumVisualStudioVersion = 10.0.40219.1
Project("{FAE04EC0-301F-11D3-BF4B-00C04F79EFBC}") = "VehicleReservationSystem.Domain", "VehicleReservationSystem.Domain\VehicleReservationSystem.Domain.csproj", "{13E2FD20-B19F-4099-AC67-03B563193829}"
EndProject
Project("{FAE04EC0-301F-11D3-BF4B-00C04F79EFBC}") = "VehicleReservationSystem.WebUI", "VehicleReservationSystem.WebUI\VehicleReservationSystem.WebUI.csproj", "{115C01E6-C12C-473D-BEB4-82E6F5DC5CE2}"
EndProject
Global
	GlobalSection(SolutionConfigurationPlatforms) = preSolution
		Debug|Any CPU = Debug|Any CPU
		Release|Any CPU = Release|Any CPU
	EndGlobalSection
	GlobalSection(ProjectConfigurationPlatforms) = postSolution
		{13E2FD20-B19F-4099-AC67-03B563193829}.Debug|Any CPU.ActiveCfg = Debug|Any CPU
		{13E2FD20-B19F-4099-AC67-03B563193829}.Debug|Any CPU.Build.0 = Debug|Any CPU
		{13E2FD20-B19F-4099-AC67-03B563193829}.Release|Any CPU.ActiveCfg = Release|Any CPU
		{13E2FD20-B19F-4099-AC67-03B563193829}.Release|Any CPU.Build.0 = Release|Any CPU
		{115C01E6-C12C-473D-BEB4-82E6F5DC5CE2}.Debug|Any CPU.ActiveCfg = Debug|Any CPU
		{115C01E6-C12C-473D-BEB4-82E6F5DC5CE2}.Debug|Any CPU.Build.0 = Debug|Any CPU
		{115C01E6-C12C-473D-BEB4-82E6F5DC5CE2}.Release|Any CPU.ActiveCfg = Release|Any CPU
		{115C01E6-C12C-473D-BEB4-82E6F5DC5CE2}.Release|Any CPU.Build.0 = Release|Any CPU
	EndGlobalSection
	GlobalSection(SolutionProperties) = preSolution
		HideSolutionNode = FALSE
	EndGlobalSection
EndGlobal
